
Microsoft Visual Studio Solution File, Format Version 12.00
# Visual Studio Version 17
VisualStudioVersion = 17.14.36518.9 d17.14
MinimumVisualStudioVersion = 10.0.40219.1
Project("{FAE04EC0-301F-11D3-BF4B-00C04F79EFBC}") = "Presentation", "Presentation\Presentation.csproj", "{1B040825-C0BA-43BB-A8E8-300E54AAA51F}"
EndProject
Project("{FAE04EC0-301F-11D3-BF4B-00C04F79EFBC}") = "Domain", "Domain\Domain.csproj", "{4E83F0C5-B159-4474-9E75-510369D6E092}"
EndProject
Project("{FAE04EC0-301F-11D3-BF4B-00C04F79EFBC}") = "Infrastructure", "Infrastructure\Infrastructure.csproj", "{3C8D43AD-8161-4EEB-9A5C-43AEB397F3C1}"
EndProject
Project("{FAE04EC0-301F-11D3-BF4B-00C04F79EFBC}") = "Application", "Application\Application.csproj", "{0DAD0065-80F0-4D5B-8445-06E19C183465}"
EndProject
Global
	GlobalSection(SolutionConfigurationPlatforms) = preSolution
		Debug|Any CPU = Debug|Any CPU
		Release|Any CPU = Release|Any CPU
	EndGlobalSection
	GlobalSection(ProjectConfigurationPlatforms) = postSolution
		{1B040825-C0BA-43BB-A8E8-300E54AAA51F}.Debug|Any CPU.ActiveCfg = Debug|Any CPU
		{1B040825-C0BA-43BB-A8E8-300E54AAA51F}.Debug|Any CPU.Build.0 = Debug|Any CPU
		{1B040825-C0BA-43BB-A8E8-300E54AAA51F}.Release|Any CPU.ActiveCfg = Release|Any CPU
		{1B040825-C0BA-43BB-A8E8-300E54AAA51F}.Release|Any CPU.Build.0 = Release|Any CPU
		{4E83F0C5-B159-4474-9E75-510369D6E092}.Debug|Any CPU.ActiveCfg = Debug|Any CPU
		{4E83F0C5-B159-4474-9E75-510369D6E092}.Debug|Any CPU.Build.0 = Debug|Any CPU
		{4E83F0C5-B159-4474-9E75-510369D6E092}.Release|Any CPU.ActiveCfg = Release|Any CPU
		{4E83F0C5-B159-4474-9E75-510369D6E092}.Release|Any CPU.Build.0 = Release|Any CPU
		{3C8D43AD-8161-4EEB-9A5C-43AEB397F3C1}.Debug|Any CPU.ActiveCfg = Debug|Any CPU
		{3C8D43AD-8161-4EEB-9A5C-43AEB397F3C1}.Debug|Any CPU.Build.0 = Debug|Any CPU
		{3C8D43AD-8161-4EEB-9A5C-43AEB397F3C1}.Release|Any CPU.ActiveCfg = Release|Any CPU
		{3C8D43AD-8161-4EEB-9A5C-43AEB397F3C1}.Release|Any CPU.Build.0 = Release|Any CPU
		{0DAD0065-80F0-4D5B-8445-06E19C183465}.Debug|Any CPU.ActiveCfg = Debug|Any CPU
		{0DAD0065-80F0-4D5B-8445-06E19C183465}.Debug|Any CPU.Build.0 = Debug|Any CPU
		{0DAD0065-80F0-4D5B-8445-06E19C183465}.Release|Any CPU.ActiveCfg = Release|Any CPU
		{0DAD0065-80F0-4D5B-8445-06E19C183465}.Release|Any CPU.Build.0 = Release|Any CPU
	EndGlobalSection
	GlobalSection(SolutionProperties) = preSolution
		HideSolutionNode = FALSE
	EndGlobalSection
	GlobalSection(ExtensibilityGlobals) = postSolution
		SolutionGuid = {F52001C8-3443-4FD3-A010-273D7ADF7EC4}
	EndGlobalSection
EndGlobal
